{
	"name": "edam-prettier-loader",
	"version": "4.0.0",
	"lockfileVersion": 2,
	"requires": true,
	"packages": {
		"": {
			"name": "edam-prettier-loader",
			"version": "3.4.15",
			"dependencies": {
				"prettier": "^1.11.1"
			}
		},
		"node_modules/prettier": {
			"version": "1.11.1",
			"resolved": "https://registry.npmjs.org/prettier/-/prettier-1.11.1.tgz",
			"integrity": "sha512-T/KD65Ot0PB97xTrG8afQ46x3oiVhnfGjGESSI9NWYcG92+OUPZKkwHqGWXH2t9jK1crnQjubECW0FuOth+hxw==",
			"bin": {
				"prettier": "bin-prettier.js"
			},
			"engines": {
				"node": ">=4"
			}
		}
	},
	"dependencies": {
		"prettier": {
			"version": "1.11.1",
			"resolved": "https://registry.npmjs.org/prettier/-/prettier-1.11.1.tgz",
			"integrity": "sha512-T/KD65Ot0PB97xTrG8afQ46x3oiVhnfGjGESSI9NWYcG92+OUPZKkwHqGWXH2t9jK1crnQjubECW0FuOth+hxw=="
		}
	}
}
